
Microsoft Visual Studio Solution File, Format Version 12.00
# Visual Studio Version 18
VisualStudioVersion = 18.0.11109.219 d18.0-oob
MinimumVisualStudioVersion = 10.0.40219.1
Project("{2150E333-8FDC-42A3-9474-1A3956D46DE8}") = "src", "src", "{02EA681E-C7D8-13C7-8484-4AC65E1B71E8}"
EndProject
Project("{FAE04EC0-301F-11D3-BF4B-00C04F79EFBC}") = "Core.Persistence", "Core.Persistence\Core.Persistence.csproj", "{CA194BEE-ACC1-4182-BC21-1A87A4395AF1}"
EndProject
Project("{FAE04EC0-301F-11D3-BF4B-00C04F79EFBC}") = "Core.Application", "Core.Application\Core.Application.csproj", "{3C748CB9-7E3D-41D8-8309-E3C3998D657C}"
EndProject
Project("{FAE04EC0-301F-11D3-BF4B-00C04F79EFBC}") = "Core.CrossCuttingConcerns.Exception", "Core.CrossCuttingConcerns.Exception\Core.CrossCuttingConcerns.Exception.csproj", "{469AF662-D1AB-47BC-9D1A-0A5BD8D9B34E}"
EndProject
Project("{FAE04EC0-301F-11D3-BF4B-00C04F79EFBC}") = "Core.CrossCuttingConcerns.Exception.WebApi", "Core.CrossCuttingConcerns.Exception.WebApi\Core.CrossCuttingConcerns.Exception.WebApi.csproj", "{56EB21D8-0E1A-42E5-A2A3-01545C44181E}"
EndProject
Project("{FAE04EC0-301F-11D3-BF4B-00C04F79EFBC}") = "Core.Domain", "Core.Domain\Core.Domain.csproj", "{6FC23ED7-E74E-4113-9C14-824E42BBDA50}"
EndProject
Project("{2150E333-8FDC-42A3-9474-1A3956D46DE8}") = "Solution Items", "Solution Items", "{8EC462FD-D22E-90A8-E5CE-7E832BA40C5D}"
	ProjectSection(SolutionItems) = preProject
		LICENSE.txt = LICENSE.txt
		README.md = README.md
	EndProjectSection
EndProject
Project("{2150E333-8FDC-42A3-9474-1A3956D46DE8}") = ".GITHUB", ".GITHUB", "{7F517E60-FF09-447E-932A-1A6169699394}"
EndProject
Project("{2150E333-8FDC-42A3-9474-1A3956D46DE8}") = "workflow", "workflow", "{939F1DCA-EE88-4A2A-987E-EE36C039F267}"
	ProjectSection(SolutionItems) = preProject
		.github\workflows\dotnet-ci.yaml = .github\workflows\dotnet-ci.yaml
		.github\workflows\nuget-tag-publish.yaml = .github\workflows\nuget-tag-publish.yaml
		.github\workflows\release.yaml = .github\workflows\release.yaml
	EndProjectSection
EndProject
Project("{2150E333-8FDC-42A3-9474-1A3956D46DE8}") = "docs", "docs", "{74508E43-621F-41E7-B265-31325447465B}"
EndProject
Project("{2150E333-8FDC-42A3-9474-1A3956D46DE8}") = "images", "images", "{3D211CC6-B20B-4ABA-8543-7A3372B5694F}"
	ProjectSection(SolutionItems) = preProject
		docs\images\ZCode.ico = docs\images\ZCode.ico
	EndProjectSection
EndProject
Project("{FAE04EC0-301F-11D3-BF4B-00C04F79EFBC}") = "Core.Mailing", "Core.Mailing\Core.Mailing.csproj", "{B8416E0A-52F6-45AB-8562-945A5FE3F2C2}"
EndProject
Project("{FAE04EC0-301F-11D3-BF4B-00C04F79EFBC}") = "Core.Mailing.MailKit", "Core.Mailing.MailKit\Core.Mailing.MailKit.csproj", "{D64BEC4C-89D6-4E89-9312-1C397200FD21}"
EndProject
Global
	GlobalSection(SolutionConfigurationPlatforms) = preSolution
		Debug|Any CPU = Debug|Any CPU
		Release|Any CPU = Release|Any CPU
	EndGlobalSection
	GlobalSection(ProjectConfigurationPlatforms) = postSolution
		{CA194BEE-ACC1-4182-BC21-1A87A4395AF1}.Debug|Any CPU.ActiveCfg = Debug|Any CPU
		{CA194BEE-ACC1-4182-BC21-1A87A4395AF1}.Debug|Any CPU.Build.0 = Debug|Any CPU
		{CA194BEE-ACC1-4182-BC21-1A87A4395AF1}.Release|Any CPU.ActiveCfg = Release|Any CPU
		{CA194BEE-ACC1-4182-BC21-1A87A4395AF1}.Release|Any CPU.Build.0 = Release|Any CPU
		{3C748CB9-7E3D-41D8-8309-E3C3998D657C}.Debug|Any CPU.ActiveCfg = Debug|Any CPU
		{3C748CB9-7E3D-41D8-8309-E3C3998D657C}.Debug|Any CPU.Build.0 = Debug|Any CPU
		{3C748CB9-7E3D-41D8-8309-E3C3998D657C}.Release|Any CPU.ActiveCfg = Release|Any CPU
		{3C748CB9-7E3D-41D8-8309-E3C3998D657C}.Release|Any CPU.Build.0 = Release|Any CPU
		{469AF662-D1AB-47BC-9D1A-0A5BD8D9B34E}.Debug|Any CPU.ActiveCfg = Debug|Any CPU
		{469AF662-D1AB-47BC-9D1A-0A5BD8D9B34E}.Debug|Any CPU.Build.0 = Debug|Any CPU
		{469AF662-D1AB-47BC-9D1A-0A5BD8D9B34E}.Release|Any CPU.ActiveCfg = Release|Any CPU
		{469AF662-D1AB-47BC-9D1A-0A5BD8D9B34E}.Release|Any CPU.Build.0 = Release|Any CPU
		{56EB21D8-0E1A-42E5-A2A3-01545C44181E}.Debug|Any CPU.ActiveCfg = Debug|Any CPU
		{56EB21D8-0E1A-42E5-A2A3-01545C44181E}.Debug|Any CPU.Build.0 = Debug|Any CPU
		{56EB21D8-0E1A-42E5-A2A3-01545C44181E}.Release|Any CPU.ActiveCfg = Release|Any CPU
		{56EB21D8-0E1A-42E5-A2A3-01545C44181E}.Release|Any CPU.Build.0 = Release|Any CPU
		{6FC23ED7-E74E-4113-9C14-824E42BBDA50}.Debug|Any CPU.ActiveCfg = Debug|Any CPU
		{6FC23ED7-E74E-4113-9C14-824E42BBDA50}.Debug|Any CPU.Build.0 = Debug|Any CPU
		{6FC23ED7-E74E-4113-9C14-824E42BBDA50}.Release|Any CPU.ActiveCfg = Release|Any CPU
		{6FC23ED7-E74E-4113-9C14-824E42BBDA50}.Release|Any CPU.Build.0 = Release|Any CPU
		{B8416E0A-52F6-45AB-8562-945A5FE3F2C2}.Debug|Any CPU.ActiveCfg = Debug|Any CPU
		{B8416E0A-52F6-45AB-8562-945A5FE3F2C2}.Debug|Any CPU.Build.0 = Debug|Any CPU
		{B8416E0A-52F6-45AB-8562-945A5FE3F2C2}.Release|Any CPU.ActiveCfg = Release|Any CPU
		{B8416E0A-52F6-45AB-8562-945A5FE3F2C2}.Release|Any CPU.Build.0 = Release|Any CPU
		{D64BEC4C-89D6-4E89-9312-1C397200FD21}.Debug|Any CPU.ActiveCfg = Debug|Any CPU
		{D64BEC4C-89D6-4E89-9312-1C397200FD21}.Debug|Any CPU.Build.0 = Debug|Any CPU
		{D64BEC4C-89D6-4E89-9312-1C397200FD21}.Release|Any CPU.ActiveCfg = Release|Any CPU
		{D64BEC4C-89D6-4E89-9312-1C397200FD21}.Release|Any CPU.Build.0 = Release|Any CPU
	EndGlobalSection
	GlobalSection(SolutionProperties) = preSolution
		HideSolutionNode = FALSE
	EndGlobalSection
	GlobalSection(NestedProjects) = preSolution
		{CA194BEE-ACC1-4182-BC21-1A87A4395AF1} = {02EA681E-C7D8-13C7-8484-4AC65E1B71E8}
		{3C748CB9-7E3D-41D8-8309-E3C3998D657C} = {02EA681E-C7D8-13C7-8484-4AC65E1B71E8}
		{469AF662-D1AB-47BC-9D1A-0A5BD8D9B34E} = {02EA681E-C7D8-13C7-8484-4AC65E1B71E8}
		{56EB21D8-0E1A-42E5-A2A3-01545C44181E} = {02EA681E-C7D8-13C7-8484-4AC65E1B71E8}
		{6FC23ED7-E74E-4113-9C14-824E42BBDA50} = {02EA681E-C7D8-13C7-8484-4AC65E1B71E8}
		{7F517E60-FF09-447E-932A-1A6169699394} = {8EC462FD-D22E-90A8-E5CE-7E832BA40C5D}
		{939F1DCA-EE88-4A2A-987E-EE36C039F267} = {7F517E60-FF09-447E-932A-1A6169699394}
		{74508E43-621F-41E7-B265-31325447465B} = {8EC462FD-D22E-90A8-E5CE-7E832BA40C5D}
		{3D211CC6-B20B-4ABA-8543-7A3372B5694F} = {74508E43-621F-41E7-B265-31325447465B}
		{B8416E0A-52F6-45AB-8562-945A5FE3F2C2} = {02EA681E-C7D8-13C7-8484-4AC65E1B71E8}
		{D64BEC4C-89D6-4E89-9312-1C397200FD21} = {02EA681E-C7D8-13C7-8484-4AC65E1B71E8}
	EndGlobalSection
	GlobalSection(ExtensibilityGlobals) = postSolution
		SolutionGuid = {AB254988-B2F2-4F55-9D16-20A769976020}
	EndGlobalSection
EndGlobal
